
Microsoft Visual Studio Solution File, Format Version 12.00
# Visual Studio Version 16
VisualStudioVersion = 16.0.30011.22
MinimumVisualStudioVersion = 10.0.40219.1
Project("{A07B5EB6-E848-4116-A8D0-A826331D98C6}") = "Test.NetCore", "Test.NetCore\Test.NetCore.sfproj", "{5DED67F6-53B9-4FE5-99FB-E3850B9658F8}"
EndProject
Project("{9A19103F-16F7-4668-BE54-9A1E7A4F7556}") = "TodoListService", "ApiServices\TodoListService\TodoListService.csproj", "{25D27F4D-681B-4D9E-8962-08CBDAF34A07}"
EndProject
Project("{9A19103F-16F7-4668-BE54-9A1E7A4F7556}") = "UnitTestProject", "UnitTestProject\UnitTestProject.csproj", "{7EEA2711-71D0-4B1D-BEF1-F84BADE21DE4}"
EndProject
Project("{9A19103F-16F7-4668-BE54-9A1E7A4F7556}") = "TodoList.Domain", "TodoList.Domain\TodoList.Domain.csproj", "{42935831-E3EE-4CAF-8626-5E3B2F41B733}"
EndProject
Project("{9A19103F-16F7-4668-BE54-9A1E7A4F7556}") = "TodoList.WebApi", "ApiServices\TodoList.WebApi\TodoList.WebApi.csproj", "{691D91A7-8B9C-4433-B56B-02258C344E68}"
EndProject
Project("{2150E333-8FDC-42A3-9474-1A3956D46DE8}") = "Internal", "Internal", "{F06AC6C5-627C-4C71-B645-A3D9FA147D9D}"
EndProject
Project("{2150E333-8FDC-42A3-9474-1A3956D46DE8}") = "External", "External", "{2ACC4A98-7512-44E4-9DDC-FF4CCB72005D}"
EndProject
Project("{2150E333-8FDC-42A3-9474-1A3956D46DE8}") = "Test", "Test", "{9C2F8674-4BE1-4054-8F5C-4A386DC136D3}"
EndProject
Project("{9A19103F-16F7-4668-BE54-9A1E7A4F7556}") = "DemoActor", "ApiServices\DemoActor\DemoActor.csproj", "{6C7D25F9-198D-4876-B87A-ECE22335554E}"
EndProject
Project("{9A19103F-16F7-4668-BE54-9A1E7A4F7556}") = "DemoActor.Interfaces", "ApiServices\DemoActor.Interfaces\DemoActor.Interfaces.csproj", "{CF694AB7-DF1B-45ED-9A14-E27504CD7D58}"
EndProject
Global
	GlobalSection(SolutionConfigurationPlatforms) = preSolution
		Debug|Any CPU = Debug|Any CPU
		Debug|x64 = Debug|x64
		Release|Any CPU = Release|Any CPU
		Release|x64 = Release|x64
	EndGlobalSection
	GlobalSection(ProjectConfigurationPlatforms) = postSolution
		{5DED67F6-53B9-4FE5-99FB-E3850B9658F8}.Debug|Any CPU.ActiveCfg = Debug|x64
		{5DED67F6-53B9-4FE5-99FB-E3850B9658F8}.Debug|x64.ActiveCfg = Debug|x64
		{5DED67F6-53B9-4FE5-99FB-E3850B9658F8}.Debug|x64.Build.0 = Debug|x64
		{5DED67F6-53B9-4FE5-99FB-E3850B9658F8}.Debug|x64.Deploy.0 = Debug|x64
		{5DED67F6-53B9-4FE5-99FB-E3850B9658F8}.Release|Any CPU.ActiveCfg = Release|x64
		{5DED67F6-53B9-4FE5-99FB-E3850B9658F8}.Release|x64.ActiveCfg = Release|x64
		{5DED67F6-53B9-4FE5-99FB-E3850B9658F8}.Release|x64.Build.0 = Release|x64
		{5DED67F6-53B9-4FE5-99FB-E3850B9658F8}.Release|x64.Deploy.0 = Release|x64
		{25D27F4D-681B-4D9E-8962-08CBDAF34A07}.Debug|Any CPU.ActiveCfg = Debug|Any CPU
		{25D27F4D-681B-4D9E-8962-08CBDAF34A07}.Debug|Any CPU.Build.0 = Debug|Any CPU
		{25D27F4D-681B-4D9E-8962-08CBDAF34A07}.Debug|x64.ActiveCfg = Debug|Any CPU
		{25D27F4D-681B-4D9E-8962-08CBDAF34A07}.Debug|x64.Build.0 = Debug|Any CPU
		{25D27F4D-681B-4D9E-8962-08CBDAF34A07}.Release|Any CPU.ActiveCfg = Release|Any CPU
		{25D27F4D-681B-4D9E-8962-08CBDAF34A07}.Release|Any CPU.Build.0 = Release|Any CPU
		{25D27F4D-681B-4D9E-8962-08CBDAF34A07}.Release|x64.ActiveCfg = Release|Any CPU
		{25D27F4D-681B-4D9E-8962-08CBDAF34A07}.Release|x64.Build.0 = Release|Any CPU
		{7EEA2711-71D0-4B1D-BEF1-F84BADE21DE4}.Debug|Any CPU.ActiveCfg = Debug|Any CPU
		{7EEA2711-71D0-4B1D-BEF1-F84BADE21DE4}.Debug|Any CPU.Build.0 = Debug|Any CPU
		{7EEA2711-71D0-4B1D-BEF1-F84BADE21DE4}.Debug|x64.ActiveCfg = Debug|Any CPU
		{7EEA2711-71D0-4B1D-BEF1-F84BADE21DE4}.Debug|x64.Build.0 = Debug|Any CPU
		{7EEA2711-71D0-4B1D-BEF1-F84BADE21DE4}.Release|Any CPU.ActiveCfg = Release|Any CPU
		{7EEA2711-71D0-4B1D-BEF1-F84BADE21DE4}.Release|Any CPU.Build.0 = Release|Any CPU
		{7EEA2711-71D0-4B1D-BEF1-F84BADE21DE4}.Release|x64.ActiveCfg = Release|Any CPU
		{7EEA2711-71D0-4B1D-BEF1-F84BADE21DE4}.Release|x64.Build.0 = Release|Any CPU
		{42935831-E3EE-4CAF-8626-5E3B2F41B733}.Debug|Any CPU.ActiveCfg = Debug|Any CPU
		{42935831-E3EE-4CAF-8626-5E3B2F41B733}.Debug|Any CPU.Build.0 = Debug|Any CPU
		{42935831-E3EE-4CAF-8626-5E3B2F41B733}.Debug|x64.ActiveCfg = Debug|Any CPU
		{42935831-E3EE-4CAF-8626-5E3B2F41B733}.Debug|x64.Build.0 = Debug|Any CPU
		{42935831-E3EE-4CAF-8626-5E3B2F41B733}.Release|Any CPU.ActiveCfg = Release|Any CPU
		{42935831-E3EE-4CAF-8626-5E3B2F41B733}.Release|Any CPU.Build.0 = Release|Any CPU
		{42935831-E3EE-4CAF-8626-5E3B2F41B733}.Release|x64.ActiveCfg = Release|Any CPU
		{42935831-E3EE-4CAF-8626-5E3B2F41B733}.Release|x64.Build.0 = Release|Any CPU
		{691D91A7-8B9C-4433-B56B-02258C344E68}.Debug|Any CPU.ActiveCfg = Debug|Any CPU
		{691D91A7-8B9C-4433-B56B-02258C344E68}.Debug|Any CPU.Build.0 = Debug|Any CPU
		{691D91A7-8B9C-4433-B56B-02258C344E68}.Debug|x64.ActiveCfg = Debug|Any CPU
		{691D91A7-8B9C-4433-B56B-02258C344E68}.Debug|x64.Build.0 = Debug|Any CPU
		{691D91A7-8B9C-4433-B56B-02258C344E68}.Release|Any CPU.ActiveCfg = Release|Any CPU
		{691D91A7-8B9C-4433-B56B-02258C344E68}.Release|Any CPU.Build.0 = Release|Any CPU
		{691D91A7-8B9C-4433-B56B-02258C344E68}.Release|x64.ActiveCfg = Release|Any CPU
		{691D91A7-8B9C-4433-B56B-02258C344E68}.Release|x64.Build.0 = Release|Any CPU
		{6C7D25F9-198D-4876-B87A-ECE22335554E}.Debug|Any CPU.ActiveCfg = Debug|Any CPU
		{6C7D25F9-198D-4876-B87A-ECE22335554E}.Debug|Any CPU.Build.0 = Debug|Any CPU
		{6C7D25F9-198D-4876-B87A-ECE22335554E}.Debug|x64.ActiveCfg = Debug|Any CPU
		{6C7D25F9-198D-4876-B87A-ECE22335554E}.Debug|x64.Build.0 = Debug|Any CPU
		{6C7D25F9-198D-4876-B87A-ECE22335554E}.Release|Any CPU.ActiveCfg = Release|Any CPU
		{6C7D25F9-198D-4876-B87A-ECE22335554E}.Release|Any CPU.Build.0 = Release|Any CPU
		{6C7D25F9-198D-4876-B87A-ECE22335554E}.Release|x64.ActiveCfg = Release|Any CPU
		{6C7D25F9-198D-4876-B87A-ECE22335554E}.Release|x64.Build.0 = Release|Any CPU
		{CF694AB7-DF1B-45ED-9A14-E27504CD7D58}.Debug|Any CPU.ActiveCfg = Debug|Any CPU
		{CF694AB7-DF1B-45ED-9A14-E27504CD7D58}.Debug|Any CPU.Build.0 = Debug|Any CPU
		{CF694AB7-DF1B-45ED-9A14-E27504CD7D58}.Debug|x64.ActiveCfg = Debug|Any CPU
		{CF694AB7-DF1B-45ED-9A14-E27504CD7D58}.Debug|x64.Build.0 = Debug|Any CPU
		{CF694AB7-DF1B-45ED-9A14-E27504CD7D58}.Release|Any CPU.ActiveCfg = Release|Any CPU
		{CF694AB7-DF1B-45ED-9A14-E27504CD7D58}.Release|Any CPU.Build.0 = Release|Any CPU
		{CF694AB7-DF1B-45ED-9A14-E27504CD7D58}.Release|x64.ActiveCfg = Release|Any CPU
		{CF694AB7-DF1B-45ED-9A14-E27504CD7D58}.Release|x64.Build.0 = Release|Any CPU
	EndGlobalSection
	GlobalSection(SolutionProperties) = preSolution
		HideSolutionNode = FALSE
	EndGlobalSection
	GlobalSection(NestedProjects) = preSolution
		{25D27F4D-681B-4D9E-8962-08CBDAF34A07} = {F06AC6C5-627C-4C71-B645-A3D9FA147D9D}
		{7EEA2711-71D0-4B1D-BEF1-F84BADE21DE4} = {9C2F8674-4BE1-4054-8F5C-4A386DC136D3}
		{42935831-E3EE-4CAF-8626-5E3B2F41B733} = {F06AC6C5-627C-4C71-B645-A3D9FA147D9D}
		{691D91A7-8B9C-4433-B56B-02258C344E68} = {2ACC4A98-7512-44E4-9DDC-FF4CCB72005D}
		{6C7D25F9-198D-4876-B87A-ECE22335554E} = {F06AC6C5-627C-4C71-B645-A3D9FA147D9D}
	EndGlobalSection
	GlobalSection(ExtensibilityGlobals) = postSolution
		SolutionGuid = {B9228D45-6D2D-4541-A1B0-2E1D3895D3BD}
	EndGlobalSection
EndGlobal
